
Microsoft Visual Studio Solution File, Format Version 12.00
# Visual Studio Version 17
VisualStudioVersion = 17.2.32616.157
MinimumVisualStudioVersion = 10.0.40219.1
Project("{9A19103F-16F7-4668-BE54-9A1E7A4F7556}") = "AQA A Level CS NEA (Suvat Solver)", "AQA A Level CS NEA (Suvat Solver)\AQA A Level CS NEA (Suvat Solver).csproj", "{310A8832-5EB7-4EC6-9EB5-569417560816}"
EndProject
Global
	GlobalSection(SolutionConfigurationPlatforms) = preSolution
		Debug|Any CPU = Debug|Any CPU
		Release|Any CPU = Release|Any CPU
	EndGlobalSection
	GlobalSection(ProjectConfigurationPlatforms) = postSolution
		{310A8832-5EB7-4EC6-9EB5-569417560816}.Debug|Any CPU.ActiveCfg = Debug|Any CPU
		{310A8832-5EB7-4EC6-9EB5-569417560816}.Debug|Any CPU.Build.0 = Debug|Any CPU
		{310A8832-5EB7-4EC6-9EB5-569417560816}.Release|Any CPU.ActiveCfg = Release|Any CPU
		{310A8832-5EB7-4EC6-9EB5-569417560816}.Release|Any CPU.Build.0 = Release|Any CPU
	EndGlobalSection
	GlobalSection(SolutionProperties) = preSolution
		HideSolutionNode = FALSE
	EndGlobalSection
	GlobalSection(ExtensibilityGlobals) = postSolution
		SolutionGuid = {14774BB2-BF1D-40AE-837E-969F3B4BBA4C}
	EndGlobalSection
EndGlobal
